
Microsoft Visual Studio Solution File, Format Version 11.00
# Visual Studio 2010
Project("{8BC9CEB8-8B4A-11D0-8D11-00A0C91BC942}") = "AsteroidsV1.1", "AsteroidsV1.1\AsteroidsV1.1.vcxproj", "{030635B9-D721-4EB4-BF2E-B75568588299}"
EndProject
Global
	GlobalSection(SolutionConfigurationPlatforms) = preSolution
		Debug|Win32 = Debug|Win32
		Release|Win32 = Release|Win32
	EndGlobalSection
	GlobalSection(ProjectConfigurationPlatforms) = postSolution
		{030635B9-D721-4EB4-BF2E-B75568588299}.Debug|Win32.ActiveCfg = Debug|Win32
		{030635B9-D721-4EB4-BF2E-B75568588299}.Debug|Win32.Build.0 = Debug|Win32
		{030635B9-D721-4EB4-BF2E-B75568588299}.Release|Win32.ActiveCfg = Release|Win32
		{030635B9-D721-4EB4-BF2E-B75568588299}.Release|Win32.Build.0 = Release|Win32
	EndGlobalSection
	GlobalSection(SolutionProperties) = preSolution
		HideSolutionNode = FALSE
	EndGlobalSection
EndGlobal
